// !$*UTF8*$!
{
	archiveVersion = 1;
	classes = {
	};
	objectVersion = 77;
	objects = {

/* Begin PBXBuildFile section */
		EA5A16ED2F5B000000AA1A46 /* AgentSDK in Frameworks */ = {isa = PBXBuildFile; productRef = EA5A16EE2F5B000000AA1A46 /* AgentSDK */; };
		EA5A17002F5C000000AA1A47 /* Markdown in Frameworks */ = {isa = PBXBuildFile; productRef = EA5A17012F5C000000AA1A47 /* Markdown */; };
/* End PBXBuildFile section */

/* Begin PBXContainerItemProxy section */
		2B3DA4F82F5701A2000987D3 /* PBXContainerItemProxy */ = {
			isa = PBXContainerItemProxy;
			containerPortal = 2B3DA4DC2F5701A1000987D3 /* Project object */;
			proxyType = 1;
			remoteGlobalIDString = 2B3DA4E32F5701A1000987D3;
			remoteInfo = ccterm;
		};
		2B3DA5022F5701A2000987D3 /* PBXContainerItemProxy */ = {
			isa = PBXContainerItemProxy;
			containerPortal = 2B3DA4DC2F5701A1000987D3 /* Project object */;
			proxyType = 1;
			remoteGlobalIDString = 2B3DA4E32F5701A1000987D3;
			remoteInfo = ccterm;
		};
/* End PBXContainerItemProxy section */

/* Begin PBXFileReference section */
		2B3DA4E42F5701A1000987D3 /* ccterm.app */ = {isa = PBXFileReference; explicitFileType = wrapper.application; includeInIndex = 0; path = ccterm.app; sourceTree = BUILT_PRODUCTS_DIR; };
		2B3DA4F72F5701A2000987D3 /* cctermTests.xctest */ = {isa = PBXFileReference; explicitFileType = wrapper.cfbundle; includeInIndex = 0; path = cctermTests.xctest; sourceTree = BUILT_PRODUCTS_DIR; };
		2B3DA5012F5701A2000987D3 /* cctermUITests.xctest */ = {isa = PBXFileReference; explicitFileType = wrapper.cfbundle; includeInIndex = 0; path = cctermUITests.xctest; sourceTree = BUILT_PRODUCTS_DIR; };
		EA5A16FF2F5A000000CC0001 /* Config.xcconfig */ = {isa = PBXFileReference; lastKnownFileType = text.xcconfig; path = Config.xcconfig; sourceTree = "<group>"; };
/* End PBXFileReference section */

/* Begin PBXFileSystemSynchronizedRootGroup section */
		2B3DA4E62F5701A1000987D3 /* ccterm */ = {
			isa = PBXFileSystemSynchronizedRootGroup;
			path = ccterm;
			sourceTree = "<group>";
		};
		2B3DA4FA2F5701A2000987D3 /* cctermTests */ = {
			isa = PBXFileSystemSynchronizedRootGroup;
			path = cctermTests;
			sourceTree = "<group>";
		};
		2B3DA5042F5701A2000987D3 /* cctermUITests */ = {
			isa = PBXFileSystemSynchronizedRootGroup;
			path = cctermUITests;
			sourceTree = "<group>";
		};
/* End PBXFileSystemSynchronizedRootGroup section */

/* Begin PBXFrameworksBuildPhase section */
		2B3DA4E12F5701A1000987D3 /* Frameworks */ = {
			isa = PBXFrameworksBuildPhase;
			buildActionMask = 2147483647;
			files = (
				EA5A16ED2F5B000000AA1A46 /* AgentSDK in Frameworks */,
				EA5A17002F5C000000AA1A47 /* Markdown in Frameworks */,
			);
			runOnlyForDeploymentPostprocessing = 0;
		};
		2B3DA4F42F5701A2000987D3 /* Frameworks */ = {
			isa = PBXFrameworksBuildPhase;
			buildActionMask = 2147483647;
			files = (
			);
			runOnlyForDeploymentPostprocessing = 0;
		};
		2B3DA4FE2F5701A2000987D3 /* Frameworks */ = {
			isa = PBXFrameworksBuildPhase;
			buildActionMask = 2147483647;
			files = (
			);
			runOnlyForDeploymentPostprocessing = 0;
		};
/* End PBXFrameworksBuildPhase section */

/* Begin PBXGroup section */
		2B3DA4DB2F5701A1000987D3 = {
			isa = PBXGroup;
			children = (
				EA5A16FF2F5A000000CC0001 /* Config.xcconfig */,
				2B3DA4E62F5701A1000987D3 /* ccterm */,
				2B3DA4FA2F5701A2000987D3 /* cctermTests */,
				2B3DA5042F5701A2000987D3 /* cctermUITests */,
				2B3DA4E52F5701A1000987D3 /* Products */,
			);
			sourceTree = "<group>";
		};
		2B3DA4E52F5701A1000987D3 /* Products */ = {
			isa = PBXGroup;
			children = (
				2B3DA4E42F5701A1000987D3 /* ccterm.app */,
				2B3DA4F72F5701A2000987D3 /* cctermTests.xctest */,
				2B3DA5012F5701A2000987D3 /* cctermUITests.xctest */,
			);
			name = Products;
			sourceTree = "<group>";
		};
/* End PBXGroup section */

/* Begin PBXNativeTarget section */
		2B3DA4E32F5701A1000987D3 /* ccterm */ = {
			isa = PBXNativeTarget;
			buildConfigurationList = 2B3DA50B2F5701A2000987D3 /* Build configuration list for PBXNativeTarget "ccterm" */;
			buildPhases = (
				EA5A16F02F5A000000AA1A46 /* Build WebReact */,
				EA5A16F12F5A000000BB2B57 /* Build fzf */,
				2B3DA4E02F5701A1000987D3 /* Sources */,
				2B3DA4E12F5701A1000987D3 /* Frameworks */,
				2B3DA4E22F5701A1000987D3 /* Resources */,
				EA5A16F22F5A000000DD3C68 /* Copy Web to Bundle */,
			);
			buildRules = (
			);
			dependencies = (
			);
			fileSystemSynchronizedGroups = (
				2B3DA4E62F5701A1000987D3 /* ccterm */,
			);
			name = ccterm;
			packageProductDependencies = (
				EA5A16EE2F5B000000AA1A46 /* AgentSDK */,
				EA5A17012F5C000000AA1A47 /* Markdown */,
			);
			productName = ccterm;
			productReference = 2B3DA4E42F5701A1000987D3 /* ccterm.app */;
			productType = "com.apple.product-type.application";
		};
		2B3DA4F62F5701A2000987D3 /* cctermTests */ = {
			isa = PBXNativeTarget;
			buildConfigurationList = 2B3DA50E2F5701A2000987D3 /* Build configuration list for PBXNativeTarget "cctermTests" */;
			buildPhases = (
				2B3DA4F32F5701A2000987D3 /* Sources */,
				2B3DA4F42F5701A2000987D3 /* Frameworks */,
				2B3DA4F52F5701A2000987D3 /* Resources */,
			);
			buildRules = (
			);
			dependencies = (
				2B3DA4F92F5701A2000987D3 /* PBXTargetDependency */,
			);
			fileSystemSynchronizedGroups = (
				2B3DA4FA2F5701A2000987D3 /* cctermTests */,
			);
			name = cctermTests;
			packageProductDependencies = (
			);
			productName = cctermTests;
			productReference = 2B3DA4F72F5701A2000987D3 /* cctermTests.xctest */;
			productType = "com.apple.product-type.bundle.unit-test";
		};
		2B3DA5002F5701A2000987D3 /* cctermUITests */ = {
			isa = PBXNativeTarget;
			buildConfigurationList = 2B3DA5112F5701A2000987D3 /* Build configuration list for PBXNativeTarget "cctermUITests" */;
			buildPhases = (
				2B3DA4FD2F5701A2000987D3 /* Sources */,
				2B3DA4FE2F5701A2000987D3 /* Frameworks */,
				2B3DA4FF2F5701A2000987D3 /* Resources */,
			);
			buildRules = (
			);
			dependencies = (
				2B3DA5032F5701A2000987D3 /* PBXTargetDependency */,
			);
			fileSystemSynchronizedGroups = (
				2B3DA5042F5701A2000987D3 /* cctermUITests */,
			);
			name = cctermUITests;
			packageProductDependencies = (
			);
			productName = cctermUITests;
			productReference = 2B3DA5012F5701A2000987D3 /* cctermUITests.xctest */;
			productType = "com.apple.product-type.bundle.ui-testing";
		};
/* End PBXNativeTarget section */

/* Begin PBXProject section */
		2B3DA4DC2F5701A1000987D3 /* Project object */ = {
			isa = PBXProject;
			attributes = {
				BuildIndependentTargetsInParallel = 1;
				LastSwiftUpdateCheck = 2630;
				LastUpgradeCheck = 2630;
				TargetAttributes = {
					2B3DA4E32F5701A1000987D3 = {
						CreatedOnToolsVersion = 26.3;
					};
					2B3DA4F62F5701A2000987D3 = {
						CreatedOnToolsVersion = 26.3;
						TestTargetID = 2B3DA4E32F5701A1000987D3;
					};
					2B3DA5002F5701A2000987D3 = {
						CreatedOnToolsVersion = 26.3;
						TestTargetID = 2B3DA4E32F5701A1000987D3;
					};
				};
			};
			buildConfigurationList = 2B3DA4DF2F5701A1000987D3 /* Build configuration list for PBXProject "ccterm" */;
			developmentRegion = en;
			hasScannedForEncodings = 0;
			knownRegions = (
				en,
				"zh-Hans",
				Base,
			);
			mainGroup = 2B3DA4DB2F5701A1000987D3;
			minimizedProjectReferenceProxies = 1;
			packageReferences = (
				EA5A16EF2F5B000000AA1A46 /* XCLocalSwiftPackageReference "AgentSDK" */,
				EA5A17022F5C000000AA1A47 /* XCRemoteSwiftPackageReference "swift-markdown" */,
			);
			preferredProjectObjectVersion = 77;
			productRefGroup = 2B3DA4E52F5701A1000987D3 /* Products */;
			projectDirPath = "";
			projectRoot = "";
			targets = (
				2B3DA4E32F5701A1000987D3 /* ccterm */,
				2B3DA4F62F5701A2000987D3 /* cctermTests */,
				2B3DA5002F5701A2000987D3 /* cctermUITests */,
			);
		};
/* End PBXProject section */

/* Begin PBXResourcesBuildPhase section */
		2B3DA4E22F5701A1000987D3 /* Resources */ = {
			isa = PBXResourcesBuildPhase;
			buildActionMask = 2147483647;
			files = (
			);
			runOnlyForDeploymentPostprocessing = 0;
		};
		2B3DA4F52F5701A2000987D3 /* Resources */ = {
			isa = PBXResourcesBuildPhase;
			buildActionMask = 2147483647;
			files = (
			);
			runOnlyForDeploymentPostprocessing = 0;
		};
		2B3DA4FF2F5701A2000987D3 /* Resources */ = {
			isa = PBXResourcesBuildPhase;
			buildActionMask = 2147483647;
			files = (
			);
			runOnlyForDeploymentPostprocessing = 0;
		};
/* End PBXResourcesBuildPhase section */

/* Begin PBXShellScriptBuildPhase section */
		EA5A16F02F5A000000AA1A46 /* Build WebReact */ = {
			isa = PBXShellScriptBuildPhase;
			alwaysOutOfDate = 1;
			buildActionMask = 2147483647;
			files = (
			);
			inputPaths = (
			);
			name = "Build WebReact";
			outputPaths = (
			);
			runOnlyForDeploymentPostprocessing = 0;
			shellPath = /bin/bash;
			shellScript = "export PATH=\"$HOME/.bun/bin:$PATH\"\ncd \"$SRCROOT/../web\"\nbun install --frozen-lockfile\nbun run build\ncp dist/*.js dist/*.css dist/*.html \"$SRCROOT/ccterm/Resources/\"\n";
		};
		EA5A16F12F5A000000BB2B57 /* Build fzf */ = {
			isa = PBXShellScriptBuildPhase;
			buildActionMask = 2147483647;
			files = (
			);
			inputPaths = (
			);
			name = "Build fzf";
			outputPaths = (
			);
			runOnlyForDeploymentPostprocessing = 0;
			shellPath = /bin/bash;
			shellScript = "export PATH=\"/usr/local/go/bin:/opt/homebrew/bin:$HOME/go/bin:$PATH\"\nif ! command -v go &>/dev/null; then\n  echo \"error: Go is required. Install from https://go.dev/dl/\"\n  exit 1\nfi\nFZF_DIR=\"$SRCROOT/../thirdparty/fzf\"\nFZF_BIN=\"$TARGET_BUILD_DIR/$CONTENTS_FOLDER_PATH/Resources/fzf\"\nif [ ! -f \"$FZF_BIN\" ]; then\n  if [ ! -f \"$FZF_DIR/go.mod\" ]; then\n    git -C \"$SRCROOT/..\" submodule update --init thirdparty/fzf\n  fi\n  cd \"$FZF_DIR\"\n  CGO_ENABLED=0 go build -trimpath -o \"$FZF_BIN\" .\nfi\nif [ -n \"$EXPANDED_CODE_SIGN_IDENTITY\" ]; then\n  codesign --force --options runtime --sign \"$EXPANDED_CODE_SIGN_IDENTITY\" \"$FZF_BIN\"\nfi\n";
		};
		EA5A16F22F5A000000DD3C68 /* Copy Web to Bundle */ = {
			isa = PBXShellScriptBuildPhase;
			buildActionMask = 2147483647;
			files = (
			);
			inputPaths = (
			);
			name = "Copy Web to Bundle";
			outputPaths = (
			);
			runOnlyForDeploymentPostprocessing = 0;
			shellPath = /bin/bash;
			shellScript = "cp \"$SRCROOT/ccterm/Resources/\"*.js \"$SRCROOT/ccterm/Resources/\"*.css \"$SRCROOT/ccterm/Resources/\"*-react.html \"$BUILT_PRODUCTS_DIR/$UNLOCALIZED_RESOURCES_FOLDER_PATH/\"\n";
		};
/* End PBXShellScriptBuildPhase section */

/* Begin PBXSourcesBuildPhase section */
		2B3DA4E02F5701A1000987D3 /* Sources */ = {
			isa = PBXSourcesBuildPhase;
			buildActionMask = 2147483647;
			files = (
			);
			runOnlyForDeploymentPostprocessing = 0;
		};
		2B3DA4F32F5701A2000987D3 /* Sources */ = {
			isa = PBXSourcesBuildPhase;
			buildActionMask = 2147483647;
			files = (
			);
			runOnlyForDeploymentPostprocessing = 0;
		};
		2B3DA4FD2F5701A2000987D3 /* Sources */ = {
			isa = PBXSourcesBuildPhase;
			buildActionMask = 2147483647;
			files = (
			);
			runOnlyForDeploymentPostprocessing = 0;
		};
/* End PBXSourcesBuildPhase section */

/* Begin PBXTargetDependency section */
		2B3DA4F92F5701A2000987D3 /* PBXTargetDependency */ = {
			isa = PBXTargetDependency;
			target = 2B3DA4E32F5701A1000987D3 /* ccterm */;
			targetProxy = 2B3DA4F82F5701A2000987D3 /* PBXContainerItemProxy */;
		};
		2B3DA5032F5701A2000987D3 /* PBXTargetDependency */ = {
			isa = PBXTargetDependency;
			target = 2B3DA4E32F5701A1000987D3 /* ccterm */;
			targetProxy = 2B3DA5022F5701A2000987D3 /* PBXContainerItemProxy */;
		};
/* End PBXTargetDependency section */

/* Begin XCBuildConfiguration section */
		2B3DA5092F5701A2000987D3 /* Debug */ = {
			isa = XCBuildConfiguration;
			baseConfigurationReference = EA5A16FF2F5A000000CC0001 /* Config.xcconfig */;
			buildSettings = {
				ALWAYS_SEARCH_USER_PATHS = NO;
				ASSETCATALOG_COMPILER_GENERATE_SWIFT_ASSET_SYMBOL_EXTENSIONS = YES;
				CLANG_ANALYZER_NONNULL = YES;
				CLANG_ANALYZER_NUMBER_OBJECT_CONVERSION = YES_AGGRESSIVE;
				CLANG_CXX_LANGUAGE_STANDARD = "gnu++20";
				CLANG_ENABLE_MODULES = YES;
				CLANG_ENABLE_OBJC_ARC = YES;
				CLANG_ENABLE_OBJC_WEAK = YES;
				CLANG_WARN_BLOCK_CAPTURE_AUTORELEASING = YES;
				CLANG_WARN_BOOL_CONVERSION = YES;
				CLANG_WARN_COMMA = YES;
				CLANG_WARN_CONSTANT_CONVERSION = YES;
				CLANG_WARN_DEPRECATED_OBJC_IMPLEMENTATIONS = YES;
				CLANG_WARN_DIRECT_OBJC_ISA_USAGE = YES_ERROR;
				CLANG_WARN_DOCUMENTATION_COMMENTS = YES;
				CLANG_WARN_EMPTY_BODY = YES;
				CLANG_WARN_ENUM_CONVERSION = YES;
				CLANG_WARN_INFINITE_RECURSION = YES;
				CLANG_WARN_INT_CONVERSION = YES;
				CLANG_WARN_NON_LITERAL_NULL_CONVERSION = YES;
				CLANG_WARN_OBJC_IMPLICIT_RETAIN_SELF = YES;
				CLANG_WARN_OBJC_LITERAL_CONVERSION = YES;
				CLANG_WARN_OBJC_ROOT_CLASS = YES_ERROR;
				CLANG_WARN_QUOTED_INCLUDE_IN_FRAMEWORK_HEADER = YES;
				CLANG_WARN_RANGE_LOOP_ANALYSIS = YES;
				CLANG_WARN_STRICT_PROTOTYPES = YES;
				CLANG_WARN_SUSPICIOUS_MOVE = YES;
				CLANG_WARN_UNGUARDED_AVAILABILITY = YES_AGGRESSIVE;
				CLANG_WARN_UNREACHABLE_CODE = YES;
				CLANG_WARN__DUPLICATE_METHOD_MATCH = YES;
				COPY_PHASE_STRIP = NO;
				DEBUG_INFORMATION_FORMAT = dwarf;
				ENABLE_STRICT_OBJC_MSGSEND = YES;
				ENABLE_TESTABILITY = YES;
				ENABLE_USER_SCRIPT_SANDBOXING = NO;
				GCC_C_LANGUAGE_STANDARD = gnu17;
				GCC_DYNAMIC_NO_PIC = NO;
				GCC_NO_COMMON_BLOCKS = YES;
				GCC_OPTIMIZATION_LEVEL = 0;
				GCC_PREPROCESSOR_DEFINITIONS = (
					"DEBUG=1",
					"$(inherited)",
				);
				GCC_WARN_64_TO_32_BIT_CONVERSION = YES;
				GCC_WARN_ABOUT_RETURN_TYPE = YES_ERROR;
				GCC_WARN_UNDECLARED_SELECTOR = YES;
				GCC_WARN_UNINITIALIZED_AUTOS = YES_AGGRESSIVE;
				GCC_WARN_UNUSED_FUNCTION = YES;
				GCC_WARN_UNUSED_VARIABLE = YES;
				LOCALIZATION_PREFERS_STRING_CATALOGS = YES;
				MACOSX_DEPLOYMENT_TARGET = 15.4;
				MTL_ENABLE_DEBUG_INFO = INCLUDE_SOURCE;
				MTL_FAST_MATH = YES;
				ONLY_ACTIVE_ARCH = YES;
				SDKROOT = macosx;
				SWIFT_ACTIVE_COMPILATION_CONDITIONS = "DEBUG $(inherited)";
				SWIFT_OPTIMIZATION_LEVEL = "-Onone";
			};
			name = Debug;
		};
		2B3DA50A2F5701A2000987D3 /* Release */ = {
			isa = XCBuildConfiguration;
			baseConfigurationReference = EA5A16FF2F5A000000CC0001 /* Config.xcconfig */;
			buildSettings = {
				ALWAYS_SEARCH_USER_PATHS = NO;
				ASSETCATALOG_COMPILER_GENERATE_SWIFT_ASSET_SYMBOL_EXTENSIONS = YES;
				CLANG_ANALYZER_NONNULL = YES;
				CLANG_ANALYZER_NUMBER_OBJECT_CONVERSION = YES_AGGRESSIVE;
				CLANG_CXX_LANGUAGE_STANDARD = "gnu++20";
				CLANG_ENABLE_MODULES = YES;
				CLANG_ENABLE_OBJC_ARC = YES;
				CLANG_ENABLE_OBJC_WEAK = YES;
				CLANG_WARN_BLOCK_CAPTURE_AUTORELEASING = YES;
				CLANG_WARN_BOOL_CONVERSION = YES;
				CLANG_WARN_COMMA = YES;
				CLANG_WARN_CONSTANT_CONVERSION = YES;
				CLANG_WARN_DEPRECATED_OBJC_IMPLEMENTATIONS = YES;
				CLANG_WARN_DIRECT_OBJC_ISA_USAGE = YES_ERROR;
				CLANG_WARN_DOCUMENTATION_COMMENTS = YES;
				CLANG_WARN_EMPTY_BODY = YES;
				CLANG_WARN_ENUM_CONVERSION = YES;
				CLANG_WARN_INFINITE_RECURSION = YES;
				CLANG_WARN_INT_CONVERSION = YES;
				CLANG_WARN_NON_LITERAL_NULL_CONVERSION = YES;
				CLANG_WARN_OBJC_IMPLICIT_RETAIN_SELF = YES;
				CLANG_WARN_OBJC_LITERAL_CONVERSION = YES;
				CLANG_WARN_OBJC_ROOT_CLASS = YES_ERROR;
				CLANG_WARN_QUOTED_INCLUDE_IN_FRAMEWORK_HEADER = YES;
				CLANG_WARN_RANGE_LOOP_ANALYSIS = YES;
				CLANG_WARN_STRICT_PROTOTYPES = YES;
				CLANG_WARN_SUSPICIOUS_MOVE = YES;
				CLANG_WARN_UNGUARDED_AVAILABILITY = YES_AGGRESSIVE;
				CLANG_WARN_UNREACHABLE_CODE = YES;
				CLANG_WARN__DUPLICATE_METHOD_MATCH = YES;
				COPY_PHASE_STRIP = NO;
				DEBUG_INFORMATION_FORMAT = "dwarf-with-dsym";
				ENABLE_NS_ASSERTIONS = NO;
				ENABLE_STRICT_OBJC_MSGSEND = YES;
				ENABLE_USER_SCRIPT_SANDBOXING = NO;
				GCC_C_LANGUAGE_STANDARD = gnu17;
				GCC_NO_COMMON_BLOCKS = YES;
				GCC_WARN_64_TO_32_BIT_CONVERSION = YES;
				GCC_WARN_ABOUT_RETURN_TYPE = YES_ERROR;
				GCC_WARN_UNDECLARED_SELECTOR = YES;
				GCC_WARN_UNINITIALIZED_AUTOS = YES_AGGRESSIVE;
				GCC_WARN_UNUSED_FUNCTION = YES;
				GCC_WARN_UNUSED_VARIABLE = YES;
				LOCALIZATION_PREFERS_STRING_CATALOGS = YES;
				MACOSX_DEPLOYMENT_TARGET = 14.0;
				MTL_ENABLE_DEBUG_INFO = NO;
				MTL_FAST_MATH = YES;
				SDKROOT = macosx;
				SWIFT_COMPILATION_MODE = wholemodule;
			};
			name = Release;
		};
		2B3DA50C2F5701A2000987D3 /* Debug */ = {
			isa = XCBuildConfiguration;
			baseConfigurationReference = EA5A16FF2F5A000000CC0001 /* Config.xcconfig */;
			buildSettings = {
				ASSETCATALOG_COMPILER_APPICON_NAME = AppIcon;
				ASSETCATALOG_COMPILER_GLOBAL_ACCENT_COLOR_NAME = AccentColor;
				CODE_SIGN_STYLE = Automatic;
				COMBINE_HIDPI_IMAGES = YES;
				CURRENT_PROJECT_VERSION = 1;
				ENABLE_APP_SANDBOX = NO;
				ENABLE_HARDENED_RUNTIME = YES;
				GENERATE_INFOPLIST_FILE = YES;
				INFOPLIST_KEY_CFBundleDisplayName = ccterm;
				INFOPLIST_KEY_LSApplicationCategoryType = "public.app-category.utilities";
				INFOPLIST_KEY_NSHumanReadableCopyright = "";
				INFOPLIST_KEY_NSPrincipalClass = NSApplication;
				LD_RUNPATH_SEARCH_PATHS = (
					"$(inherited)",
					"@executable_path/../Frameworks",
				);
				MARKETING_VERSION = 0.0.1;
				PRODUCT_BUNDLE_IDENTIFIER = com.ccterm.app;
				PRODUCT_NAME = "$(TARGET_NAME)";
				REGISTER_APP_GROUPS = YES;
				STRING_CATALOG_GENERATE_SYMBOLS = YES;
				SWIFT_APPROACHABLE_CONCURRENCY = YES;
				SWIFT_DEFAULT_ACTOR_ISOLATION = MainActor;
				SWIFT_EMIT_LOC_STRINGS = YES;
				SWIFT_UPCOMING_FEATURE_MEMBER_IMPORT_VISIBILITY = YES;
				SWIFT_VERSION = 5.0;
			};
			name = Debug;
		};
		2B3DA50D2F5701A2000987D3 /* Release */ = {
			isa = XCBuildConfiguration;
			baseConfigurationReference = EA5A16FF2F5A000000CC0001 /* Config.xcconfig */;
			buildSettings = {
				ASSETCATALOG_COMPILER_APPICON_NAME = AppIcon;
				ASSETCATALOG_COMPILER_GLOBAL_ACCENT_COLOR_NAME = AccentColor;
				CODE_SIGN_STYLE = Automatic;
				COMBINE_HIDPI_IMAGES = YES;
				CURRENT_PROJECT_VERSION = 1;
				ENABLE_APP_SANDBOX = NO;
				ENABLE_HARDENED_RUNTIME = YES;
				GENERATE_INFOPLIST_FILE = YES;
				INFOPLIST_KEY_CFBundleDisplayName = ccterm;
				INFOPLIST_KEY_LSApplicationCategoryType = "public.app-category.utilities";
				INFOPLIST_KEY_NSHumanReadableCopyright = "";
				INFOPLIST_KEY_NSPrincipalClass = NSApplication;
				LD_RUNPATH_SEARCH_PATHS = (
					"$(inherited)",
					"@executable_path/../Frameworks",
				);
				MARKETING_VERSION = 0.0.1;
				PRODUCT_BUNDLE_IDENTIFIER = com.ccterm.app;
				PRODUCT_NAME = "$(TARGET_NAME)";
				REGISTER_APP_GROUPS = YES;
				STRING_CATALOG_GENERATE_SYMBOLS = YES;
				SWIFT_APPROACHABLE_CONCURRENCY = YES;
				SWIFT_DEFAULT_ACTOR_ISOLATION = MainActor;
				SWIFT_EMIT_LOC_STRINGS = YES;
				SWIFT_UPCOMING_FEATURE_MEMBER_IMPORT_VISIBILITY = YES;
				SWIFT_VERSION = 5.0;
			};
			name = Release;
		};
		2B3DA50F2F5701A2000987D3 /* Debug */ = {
			isa = XCBuildConfiguration;
			baseConfigurationReference = EA5A16FF2F5A000000CC0001 /* Config.xcconfig */;
			buildSettings = {
				BUNDLE_LOADER = "$(TEST_HOST)";
				CODE_SIGN_STYLE = Automatic;
				CURRENT_PROJECT_VERSION = 1;
				GENERATE_INFOPLIST_FILE = YES;
				MACOSX_DEPLOYMENT_TARGET = 14.0;
				MARKETING_VERSION = 1.0;
				PRODUCT_BUNDLE_IDENTIFIER = com.ccterm.app.tests;
				PRODUCT_NAME = "$(TARGET_NAME)";
				STRING_CATALOG_GENERATE_SYMBOLS = NO;
				SWIFT_APPROACHABLE_CONCURRENCY = YES;
				SWIFT_EMIT_LOC_STRINGS = NO;
				SWIFT_UPCOMING_FEATURE_MEMBER_IMPORT_VISIBILITY = YES;
				SWIFT_VERSION = 5.0;
				TEST_HOST = "$(BUILT_PRODUCTS_DIR)/ccterm.app/$(BUNDLE_EXECUTABLE_FOLDER_PATH)/ccterm";
			};
			name = Debug;
		};
		2B3DA5102F5701A2000987D3 /* Release */ = {
			isa = XCBuildConfiguration;
			baseConfigurationReference = EA5A16FF2F5A000000CC0001 /* Config.xcconfig */;
			buildSettings = {
				BUNDLE_LOADER = "$(TEST_HOST)";
				CODE_SIGN_STYLE = Automatic;
				CURRENT_PROJECT_VERSION = 1;
				GENERATE_INFOPLIST_FILE = YES;
				MACOSX_DEPLOYMENT_TARGET = 14.0;
				MARKETING_VERSION = 1.0;
				PRODUCT_BUNDLE_IDENTIFIER = com.ccterm.app.tests;
				PRODUCT_NAME = "$(TARGET_NAME)";
				STRING_CATALOG_GENERATE_SYMBOLS = NO;
				SWIFT_APPROACHABLE_CONCURRENCY = YES;
				SWIFT_EMIT_LOC_STRINGS = NO;
				SWIFT_UPCOMING_FEATURE_MEMBER_IMPORT_VISIBILITY = YES;
				SWIFT_VERSION = 5.0;
				TEST_HOST = "$(BUILT_PRODUCTS_DIR)/ccterm.app/$(BUNDLE_EXECUTABLE_FOLDER_PATH)/ccterm";
			};
			name = Release;
		};
		2B3DA5122F5701A2000987D3 /* Debug */ = {
			isa = XCBuildConfiguration;
			baseConfigurationReference = EA5A16FF2F5A000000CC0001 /* Config.xcconfig */;
			buildSettings = {
				CODE_SIGN_STYLE = Automatic;
				CURRENT_PROJECT_VERSION = 1;
				GENERATE_INFOPLIST_FILE = YES;
				MARKETING_VERSION = 1.0;
				PRODUCT_BUNDLE_IDENTIFIER = com.ccterm.app.uitests;
				PRODUCT_NAME = "$(TARGET_NAME)";
				STRING_CATALOG_GENERATE_SYMBOLS = NO;
				SWIFT_APPROACHABLE_CONCURRENCY = YES;
				SWIFT_EMIT_LOC_STRINGS = NO;
				SWIFT_UPCOMING_FEATURE_MEMBER_IMPORT_VISIBILITY = YES;
				SWIFT_VERSION = 5.0;
				TEST_TARGET_NAME = ccterm;
			};
			name = Debug;
		};
		2B3DA5132F5701A2000987D3 /* Release */ = {
			isa = XCBuildConfiguration;
			baseConfigurationReference = EA5A16FF2F5A000000CC0001 /* Config.xcconfig */;
			buildSettings = {
				CODE_SIGN_STYLE = Automatic;
				CURRENT_PROJECT_VERSION = 1;
				GENERATE_INFOPLIST_FILE = YES;
				MARKETING_VERSION = 1.0;
				PRODUCT_BUNDLE_IDENTIFIER = com.ccterm.app.uitests;
				PRODUCT_NAME = "$(TARGET_NAME)";
				STRING_CATALOG_GENERATE_SYMBOLS = NO;
				SWIFT_APPROACHABLE_CONCURRENCY = YES;
				SWIFT_EMIT_LOC_STRINGS = NO;
				SWIFT_UPCOMING_FEATURE_MEMBER_IMPORT_VISIBILITY = YES;
				SWIFT_VERSION = 5.0;
				TEST_TARGET_NAME = ccterm;
			};
			name = Release;
		};
/* End XCBuildConfiguration section */

/* Begin XCConfigurationList section */
		2B3DA4DF2F5701A1000987D3 /* Build configuration list for PBXProject "ccterm" */ = {
			isa = XCConfigurationList;
			buildConfigurations = (
				2B3DA5092F5701A2000987D3 /* Debug */,
				2B3DA50A2F5701A2000987D3 /* Release */,
			);
			defaultConfigurationIsVisible = 0;
			defaultConfigurationName = Release;
		};
		2B3DA50B2F5701A2000987D3 /* Build configuration list for PBXNativeTarget "ccterm" */ = {
			isa = XCConfigurationList;
			buildConfigurations = (
				2B3DA50C2F5701A2000987D3 /* Debug */,
				2B3DA50D2F5701A2000987D3 /* Release */,
			);
			defaultConfigurationIsVisible = 0;
			defaultConfigurationName = Release;
		};
		2B3DA50E2F5701A2000987D3 /* Build configuration list for PBXNativeTarget "cctermTests" */ = {
			isa = XCConfigurationList;
			buildConfigurations = (
				2B3DA50F2F5701A2000987D3 /* Debug */,
				2B3DA5102F5701A2000987D3 /* Release */,
			);
			defaultConfigurationIsVisible = 0;
			defaultConfigurationName = Release;
		};
		2B3DA5112F5701A2000987D3 /* Build configuration list for PBXNativeTarget "cctermUITests" */ = {
			isa = XCConfigurationList;
			buildConfigurations = (
				2B3DA5122F5701A2000987D3 /* Debug */,
				2B3DA5132F5701A2000987D3 /* Release */,
			);
			defaultConfigurationIsVisible = 0;
			defaultConfigurationName = Release;
		};
/* End XCConfigurationList section */

/* Begin XCLocalSwiftPackageReference section */
		EA5A16EF2F5B000000AA1A46 /* XCLocalSwiftPackageReference "AgentSDK" */ = {
			isa = XCLocalSwiftPackageReference;
			relativePath = AgentSDK;
		};
/* End XCLocalSwiftPackageReference section */

/* Begin XCRemoteSwiftPackageReference section */
		EA5A17022F5C000000AA1A47 /* XCRemoteSwiftPackageReference "swift-markdown" */ = {
			isa = XCRemoteSwiftPackageReference;
			repositoryURL = "https://github.com/swiftlang/swift-markdown";
			requirement = {
				kind = exactVersion;
				version = 0.7.3;
			};
		};
/* End XCRemoteSwiftPackageReference section */

/* Begin XCSwiftPackageProductDependency section */
		EA5A16EE2F5B000000AA1A46 /* AgentSDK */ = {
			isa = XCSwiftPackageProductDependency;
			productName = AgentSDK;
		};
		EA5A17012F5C000000AA1A47 /* Markdown */ = {
			isa = XCSwiftPackageProductDependency;
			package = EA5A17022F5C000000AA1A47 /* XCRemoteSwiftPackageReference "swift-markdown" */;
			productName = Markdown;
		};
/* End XCSwiftPackageProductDependency section */
	};
	rootObject = 2B3DA4DC2F5701A1000987D3 /* Project object */;
}
